{
  "name": "distributed-http-gateway",
  "version": "1.0.0",
  "lockfileVersion": 1,
  "requires": true,
  "dependencies": {
    "cachd": {
      "version": "2.1.0",
      "resolved": "https://registry.npmjs.org/cachd/-/cachd-2.1.0.tgz",
      "integrity": "sha1-kUntEKU5zVev4z99rd4yNspYea4=",
      "requires": {
        "ee-class": "1.0.9",
        "ee-event-emitter": "1.0.1",
        "ee-log": "2.0.4",
        "linkd": "2.0.0",
        "memory-manager": "0.1.1"
      }
    },
    "distributed-http-header-parser": {
      "version": "0.1.0",
      "resolved": "https://registry.npmjs.org/distributed-http-header-parser/-/distributed-http-header-parser-0.1.0.tgz",
      "integrity": "sha1-f+LKJekZmHVQAY/UahcfVOflqBI=",
      "requires": {
        "ee-class": "1.0.9",
        "ee-log": "0.3.11",
        "ee-types": "0.1.3",
        "pegjs": "0.9.0"
      },
      "dependencies": {
        "ee-log": {
          "version": "0.3.11",
          "resolved": "https://registry.npmjs.org/ee-log/-/ee-log-0.3.11.tgz",
          "integrity": "sha1-e53uR9PX/JmpTNsZrJ2Z/49mo2g=",
          "requires": {
            "ee-argv": "0.1.4",
            "ee-class": "1.0.9",
            "ee-types": "2.1.4"
          },
          "dependencies": {
            "ee-types": {
              "version": "2.1.4",
              "resolved": "https://registry.npmjs.org/ee-types/-/ee-types-2.1.4.tgz",
              "integrity": "sha512-HWMAxV3EnZ4GBdgz5X4jdOrWcZSa/aiqaMqfHHMvzIGZmyMkx4m6jstwtdWXGZitm4JxGDP7vILUQ/PNeMWqvA==",
              "requires": {
                "ee-class": "1.0.9"
              }
            }
          }
        },
        "ee-types": {
          "version": "0.1.3",
          "resolved": "https://registry.npmjs.org/ee-types/-/ee-types-0.1.3.tgz",
          "integrity": "sha1-eFuqL1CniqtIlD8zURG4+3msYbk=",
          "requires": {
            "ee-class": "1.0.9"
          }
        }
      }
    },
    "ee-argv": {
      "version": "0.1.4",
      "resolved": "https://registry.npmjs.org/ee-argv/-/ee-argv-0.1.4.tgz",
      "integrity": "sha1-d/RZ2vmA8R0sb44oohq7iAIBaKs="
    },
    "ee-class": {
      "version": "1.0.9",
      "resolved": "https://registry.npmjs.org/ee-class/-/ee-class-1.0.9.tgz",
      "integrity": "sha1-O8Smb9/7BvGvLRqKZisPbwGKa20="
    },
    "ee-event-emitter": {
      "version": "1.0.1",
      "resolved": "https://registry.npmjs.org/ee-event-emitter/-/ee-event-emitter-1.0.1.tgz",
      "integrity": "sha1-ly9um3lIzmb/J1tdjvL1WwEI5ng="
    },
    "ee-log": {
      "version": "2.0.4",
      "resolved": "https://registry.npmjs.org/ee-log/-/ee-log-2.0.4.tgz",
      "integrity": "sha512-/ulkuIX1qI2QQHXZsM/s1OfWyThk1dlsBw44T+lAlhmPC+5AZPahx4gouk3LfBWLjamz7IyHqRHIa+K9/2jnGQ==",
      "requires": {
        "ee-types": "2.1.4"
      }
    },
    "ee-types": {
      "version": "2.1.4",
      "resolved": "https://registry.npmjs.org/ee-types/-/ee-types-2.1.4.tgz",
      "integrity": "sha512-HWMAxV3EnZ4GBdgz5X4jdOrWcZSa/aiqaMqfHHMvzIGZmyMkx4m6jstwtdWXGZitm4JxGDP7vILUQ/PNeMWqvA==",
      "requires": {
        "ee-class": "1.0.9"
      }
    },
    "linkd": {
      "version": "2.0.0",
      "resolved": "https://registry.npmjs.org/linkd/-/linkd-2.0.0.tgz",
      "integrity": "sha1-I42TTp0XxGqAEOGw0DNDZzHTnZ0=",
      "requires": {
        "ee-event-emitter": "0.3.1",
        "ee-log": "1.1.0"
      },
      "dependencies": {
        "ee-class": {
          "version": "1.4.0",
          "resolved": "https://registry.npmjs.org/ee-class/-/ee-class-1.4.0.tgz",
          "integrity": "sha1-KQP2Iu4f5AzYupidfqI5oxvV4lU="
        },
        "ee-event-emitter": {
          "version": "0.3.1",
          "resolved": "https://registry.npmjs.org/ee-event-emitter/-/ee-event-emitter-0.3.1.tgz",
          "integrity": "sha1-yi5+Dr3+zC2sLCLSCIyGSWEUlyQ=",
          "requires": {
            "ee-class": "1.4.0",
            "ee-log": "0.2.23"
          },
          "dependencies": {
            "ee-log": {
              "version": "0.2.23",
              "resolved": "https://registry.npmjs.org/ee-log/-/ee-log-0.2.23.tgz",
              "integrity": "sha1-HFDz1ieNCvkJde1AxPtreWEKcCk=",
              "requires": {
                "ee-class": "0.4.0",
                "ee-types": "0.1.3"
              },
              "dependencies": {
                "ee-class": {
                  "version": "0.4.0",
                  "resolved": "https://registry.npmjs.org/ee-class/-/ee-class-0.4.0.tgz",
                  "integrity": "sha1-vmKlTFKQGwr4mgQYnA7hl1GWfks="
                }
              }
            }
          }
        },
        "ee-log": {
          "version": "1.1.0",
          "resolved": "https://registry.npmjs.org/ee-log/-/ee-log-1.1.0.tgz",
          "integrity": "sha1-MbHvG9pyDM7ClSPfBUgkKM7qNYI=",
          "requires": {
            "ee-class": "1.4.0",
            "ee-types": "2.1.4"
          },
          "dependencies": {
            "ee-types": {
              "version": "2.1.4",
              "resolved": "https://registry.npmjs.org/ee-types/-/ee-types-2.1.4.tgz",
              "integrity": "sha512-HWMAxV3EnZ4GBdgz5X4jdOrWcZSa/aiqaMqfHHMvzIGZmyMkx4m6jstwtdWXGZitm4JxGDP7vILUQ/PNeMWqvA==",
              "requires": {
                "ee-class": "1.4.0"
              }
            }
          }
        },
        "ee-types": {
          "version": "0.1.3",
          "resolved": "https://registry.npmjs.org/ee-types/-/ee-types-0.1.3.tgz",
          "integrity": "sha1-eFuqL1CniqtIlD8zURG4+3msYbk=",
          "requires": {
            "ee-class": "1.4.0"
          }
        }
      }
    },
    "memory-manager": {
      "version": "0.1.1",
      "resolved": "https://registry.npmjs.org/memory-manager/-/memory-manager-0.1.1.tgz",
      "integrity": "sha1-chz7q96LyHMRrJQrQu+Sp+Hp0bo=",
      "requires": {
        "ee-class": "1.0.9",
        "ee-event-emitter": "0.3.1",
        "ee-log": "0.3.11",
        "ee-types": "1.0.0"
      },
      "dependencies": {
        "ee-event-emitter": {
          "version": "0.3.1",
          "resolved": "https://registry.npmjs.org/ee-event-emitter/-/ee-event-emitter-0.3.1.tgz",
          "integrity": "sha1-yi5+Dr3+zC2sLCLSCIyGSWEUlyQ=",
          "requires": {
            "ee-class": "1.4.0",
            "ee-log": "0.2.23"
          },
          "dependencies": {
            "ee-class": {
              "version": "1.4.0",
              "resolved": "https://registry.npmjs.org/ee-class/-/ee-class-1.4.0.tgz",
              "integrity": "sha1-KQP2Iu4f5AzYupidfqI5oxvV4lU="
            },
            "ee-log": {
              "version": "0.2.23",
              "resolved": "https://registry.npmjs.org/ee-log/-/ee-log-0.2.23.tgz",
              "integrity": "sha1-HFDz1ieNCvkJde1AxPtreWEKcCk=",
              "requires": {
                "ee-class": "0.4.0",
                "ee-types": "0.1.3"
              },
              "dependencies": {
                "ee-class": {
                  "version": "0.4.0",
                  "resolved": "https://registry.npmjs.org/ee-class/-/ee-class-0.4.0.tgz",
                  "integrity": "sha1-vmKlTFKQGwr4mgQYnA7hl1GWfks="
                }
              }
            },
            "ee-types": {
              "version": "0.1.3",
              "resolved": "https://registry.npmjs.org/ee-types/-/ee-types-0.1.3.tgz",
              "integrity": "sha1-eFuqL1CniqtIlD8zURG4+3msYbk=",
              "requires": {
                "ee-class": "1.4.0"
              }
            }
          }
        },
        "ee-log": {
          "version": "0.3.11",
          "resolved": "https://registry.npmjs.org/ee-log/-/ee-log-0.3.11.tgz",
          "integrity": "sha1-e53uR9PX/JmpTNsZrJ2Z/49mo2g=",
          "requires": {
            "ee-argv": "0.1.4",
            "ee-class": "1.0.9",
            "ee-types": "2.1.4"
          },
          "dependencies": {
            "ee-types": {
              "version": "2.1.4",
              "resolved": "https://registry.npmjs.org/ee-types/-/ee-types-2.1.4.tgz",
              "integrity": "sha512-HWMAxV3EnZ4GBdgz5X4jdOrWcZSa/aiqaMqfHHMvzIGZmyMkx4m6jstwtdWXGZitm4JxGDP7vILUQ/PNeMWqvA==",
              "requires": {
                "ee-class": "1.0.9"
              }
            }
          }
        },
        "ee-types": {
          "version": "1.0.0",
          "resolved": "https://registry.npmjs.org/ee-types/-/ee-types-1.0.0.tgz",
          "integrity": "sha1-rb/rUXu/Iw1eFoqvXEt2VxqioVs=",
          "requires": {
            "ee-class": "1.0.9"
          }
        }
      }
    },
    "pegjs": {
      "version": "0.9.0",
      "resolved": "https://registry.npmjs.org/pegjs/-/pegjs-0.9.0.tgz",
      "integrity": "sha1-9q76LjzlYWkgjlIXnf5B+JFBo2k="
    }
  }
}
